
Microsoft Visual Studio Solution File, Format Version 12.00
Project("{2150E333-8FDC-42A3-9474-1A3956D46DE8}") = "src", "src", "{1D0F9EBA-EDEF-4B99-B589-385340CA841D}"
EndProject
Project("{2150E333-8FDC-42A3-9474-1A3956D46DE8}") = "tests", "tests", "{4EDE840F-957A-46F2-B97F-31CD3DDC4825}"
EndProject
Project("{2150E333-8FDC-42A3-9474-1A3956D46DE8}") = "docs", "docs", "{AC56D8C4-71C0-4BD7-BBB3-0C3C192A4C71}"
	ProjectSection(SolutionItems) = preProject
		docs\AppFlow.drawio.png = docs\AppFlow.drawio.png
	EndProjectSection
EndProject
Project("{FAE04EC0-301F-11D3-BF4B-00C04F79EFBC}") = "Patterns.Infra.Data", "src\Patterns.Infra.Data\Patterns.Infra.Data.csproj", "{2070D74A-4D63-4917-9D8E-E8AAD8383F22}"
EndProject
Project("{FAE04EC0-301F-11D3-BF4B-00C04F79EFBC}") = "Patterns.Application", "src\Patterns.Application\Patterns.Application.csproj", "{1E3CFA98-F0D2-4AD9-AC00-36E7B175582C}"
EndProject
Project("{FAE04EC0-301F-11D3-BF4B-00C04F79EFBC}") = "Patterns.Domain", "src\Patterns.Domain\Patterns.Domain.csproj", "{DB19B8EC-D168-4B80-9B16-41F0F0D77821}"
EndProject
Project("{FAE04EC0-301F-11D3-BF4B-00C04F79EFBC}") = "Patterns.Infra.Ioc", "src\Patterns.Infra.Ioc\Patterns.Infra.Ioc.csproj", "{5C7B5C54-AC43-4F4F-BFAF-A5B48C2F508E}"
EndProject
Project("{FAE04EC0-301F-11D3-BF4B-00C04F79EFBC}") = "Patterns.Web", "src\Patterns.Web\Patterns.Web.csproj", "{301D321E-D895-49F4-B5A9-68D08BE5F545}"
EndProject
Project("{2150E333-8FDC-42A3-9474-1A3956D46DE8}") = "Solution Items", "Solution Items", "{14769201-BBA0-415A-8D8B-E10928954FEB}"
	ProjectSection(SolutionItems) = preProject
		docker-compose.yml = docker-compose.yml
	EndProjectSection
EndProject
Global
	GlobalSection(SolutionConfigurationPlatforms) = preSolution
		Debug|Any CPU = Debug|Any CPU
		Release|Any CPU = Release|Any CPU
	EndGlobalSection
	GlobalSection(NestedProjects) = preSolution
		{2070D74A-4D63-4917-9D8E-E8AAD8383F22} = {1D0F9EBA-EDEF-4B99-B589-385340CA841D}
		{1E3CFA98-F0D2-4AD9-AC00-36E7B175582C} = {1D0F9EBA-EDEF-4B99-B589-385340CA841D}
		{DB19B8EC-D168-4B80-9B16-41F0F0D77821} = {1D0F9EBA-EDEF-4B99-B589-385340CA841D}
		{5C7B5C54-AC43-4F4F-BFAF-A5B48C2F508E} = {1D0F9EBA-EDEF-4B99-B589-385340CA841D}
		{301D321E-D895-49F4-B5A9-68D08BE5F545} = {1D0F9EBA-EDEF-4B99-B589-385340CA841D}
	EndGlobalSection
	GlobalSection(ProjectConfigurationPlatforms) = postSolution
		{2070D74A-4D63-4917-9D8E-E8AAD8383F22}.Debug|Any CPU.ActiveCfg = Debug|Any CPU
		{2070D74A-4D63-4917-9D8E-E8AAD8383F22}.Debug|Any CPU.Build.0 = Debug|Any CPU
		{2070D74A-4D63-4917-9D8E-E8AAD8383F22}.Release|Any CPU.ActiveCfg = Release|Any CPU
		{2070D74A-4D63-4917-9D8E-E8AAD8383F22}.Release|Any CPU.Build.0 = Release|Any CPU
		{1E3CFA98-F0D2-4AD9-AC00-36E7B175582C}.Debug|Any CPU.ActiveCfg = Debug|Any CPU
		{1E3CFA98-F0D2-4AD9-AC00-36E7B175582C}.Debug|Any CPU.Build.0 = Debug|Any CPU
		{1E3CFA98-F0D2-4AD9-AC00-36E7B175582C}.Release|Any CPU.ActiveCfg = Release|Any CPU
		{1E3CFA98-F0D2-4AD9-AC00-36E7B175582C}.Release|Any CPU.Build.0 = Release|Any CPU
		{DB19B8EC-D168-4B80-9B16-41F0F0D77821}.Debug|Any CPU.ActiveCfg = Debug|Any CPU
		{DB19B8EC-D168-4B80-9B16-41F0F0D77821}.Debug|Any CPU.Build.0 = Debug|Any CPU
		{DB19B8EC-D168-4B80-9B16-41F0F0D77821}.Release|Any CPU.ActiveCfg = Release|Any CPU
		{DB19B8EC-D168-4B80-9B16-41F0F0D77821}.Release|Any CPU.Build.0 = Release|Any CPU
		{5C7B5C54-AC43-4F4F-BFAF-A5B48C2F508E}.Debug|Any CPU.ActiveCfg = Debug|Any CPU
		{5C7B5C54-AC43-4F4F-BFAF-A5B48C2F508E}.Debug|Any CPU.Build.0 = Debug|Any CPU
		{5C7B5C54-AC43-4F4F-BFAF-A5B48C2F508E}.Release|Any CPU.ActiveCfg = Release|Any CPU
		{5C7B5C54-AC43-4F4F-BFAF-A5B48C2F508E}.Release|Any CPU.Build.0 = Release|Any CPU
		{301D321E-D895-49F4-B5A9-68D08BE5F545}.Debug|Any CPU.ActiveCfg = Debug|Any CPU
		{301D321E-D895-49F4-B5A9-68D08BE5F545}.Debug|Any CPU.Build.0 = Debug|Any CPU
		{301D321E-D895-49F4-B5A9-68D08BE5F545}.Release|Any CPU.ActiveCfg = Release|Any CPU
		{301D321E-D895-49F4-B5A9-68D08BE5F545}.Release|Any CPU.Build.0 = Release|Any CPU
	EndGlobalSection
EndGlobal
